// !$*UTF8*$!
{
	archiveVersion = 1;
	classes = {
	};
	objectVersion = 56;
	objects = {

/* Begin PBXBuildFile section */
		1A46862029FE7A5D00A50ADC /* ProgrammaticallyViewController.swift in Sources */ = {isa = PBXBuildFile; fileRef = 1A46861F29FE7A5D00A50ADC /* ProgrammaticallyViewController.swift */; };
		1ACE8D0A29FAB83B00A5C63B /* AppDelegate.swift in Sources */ = {isa = PBXBuildFile; fileRef = 1ACE8D0929FAB83B00A5C63B /* AppDelegate.swift */; };
		1ACE8D0C29FAB83B00A5C63B /* SceneDelegate.swift in Sources */ = {isa = PBXBuildFile; fileRef = 1ACE8D0B29FAB83B00A5C63B /* SceneDelegate.swift */; };
		1ACE8D1329FAB83C00A5C63B /* Assets.xcassets in Resources */ = {isa = PBXBuildFile; fileRef = 1ACE8D1229FAB83C00A5C63B /* Assets.xcassets */; };
		1ACE8D1629FAB83C00A5C63B /* LaunchScreen.storyboard in Resources */ = {isa = PBXBuildFile; fileRef = 1ACE8D1429FAB83C00A5C63B /* LaunchScreen.storyboard */; };
		1ACE8D2129FAB83C00A5C63B /* SceneKit_DemoTests.swift in Sources */ = {isa = PBXBuildFile; fileRef = 1ACE8D2029FAB83C00A5C63B /* SceneKit_DemoTests.swift */; };
		1ACE8D2B29FAB83C00A5C63B /* SceneKit_DemoUITests.swift in Sources */ = {isa = PBXBuildFile; fileRef = 1ACE8D2A29FAB83C00A5C63B /* SceneKit_DemoUITests.swift */; };
		1ACE8D2D29FAB83C00A5C63B /* SceneKit_DemoUITestsLaunchTests.swift in Sources */ = {isa = PBXBuildFile; fileRef = 1ACE8D2C29FAB83C00A5C63B /* SceneKit_DemoUITestsLaunchTests.swift */; };
		1ACE8D3F29FABAE500A5C63B /* MainViewController.swift in Sources */ = {isa = PBXBuildFile; fileRef = 1ACE8D3E29FABAE500A5C63B /* MainViewController.swift */; };
/* End PBXBuildFile section */

/* Begin PBXContainerItemProxy section */
		1ACE8D1D29FAB83C00A5C63B /* PBXContainerItemProxy */ = {
			isa = PBXContainerItemProxy;
			containerPortal = 1ACE8CFE29FAB83B00A5C63B /* Project object */;
			proxyType = 1;
			remoteGlobalIDString = 1ACE8D0529FAB83B00A5C63B;
			remoteInfo = "SceneKit-Demo";
		};
		1ACE8D2729FAB83C00A5C63B /* PBXContainerItemProxy */ = {
			isa = PBXContainerItemProxy;
			containerPortal = 1ACE8CFE29FAB83B00A5C63B /* Project object */;
			proxyType = 1;
			remoteGlobalIDString = 1ACE8D0529FAB83B00A5C63B;
			remoteInfo = "SceneKit-Demo";
		};
/* End PBXContainerItemProxy section */

/* Begin PBXFileReference section */
		1A46861F29FE7A5D00A50ADC /* ProgrammaticallyViewController.swift */ = {isa = PBXFileReference; lastKnownFileType = sourcecode.swift; path = ProgrammaticallyViewController.swift; sourceTree = "<group>"; };
		1ACE8D0629FAB83B00A5C63B /* SceneKit-Demo.app */ = {isa = PBXFileReference; explicitFileType = wrapper.application; includeInIndex = 0; path = "SceneKit-Demo.app"; sourceTree = BUILT_PRODUCTS_DIR; };
		1ACE8D0929FAB83B00A5C63B /* AppDelegate.swift */ = {isa = PBXFileReference; lastKnownFileType = sourcecode.swift; path = AppDelegate.swift; sourceTree = "<group>"; };
		1ACE8D0B29FAB83B00A5C63B /* SceneDelegate.swift */ = {isa = PBXFileReference; lastKnownFileType = sourcecode.swift; path = SceneDelegate.swift; sourceTree = "<group>"; };
		1ACE8D1229FAB83C00A5C63B /* Assets.xcassets */ = {isa = PBXFileReference; lastKnownFileType = folder.assetcatalog; path = Assets.xcassets; sourceTree = "<group>"; };
		1ACE8D1529FAB83C00A5C63B /* Base */ = {isa = PBXFileReference; lastKnownFileType = file.storyboard; name = Base; path = Base.lproj/LaunchScreen.storyboard; sourceTree = "<group>"; };
		1ACE8D1729FAB83C00A5C63B /* Info.plist */ = {isa = PBXFileReference; lastKnownFileType = text.plist.xml; path = Info.plist; sourceTree = "<group>"; };
		1ACE8D1C29FAB83C00A5C63B /* SceneKit-DemoTests.xctest */ = {isa = PBXFileReference; explicitFileType = wrapper.cfbundle; includeInIndex = 0; path = "SceneKit-DemoTests.xctest"; sourceTree = BUILT_PRODUCTS_DIR; };
		1ACE8D2029FAB83C00A5C63B /* SceneKit_DemoTests.swift */ = {isa = PBXFileReference; lastKnownFileType = sourcecode.swift; path = SceneKit_DemoTests.swift; sourceTree = "<group>"; };
		1ACE8D2629FAB83C00A5C63B /* SceneKit-DemoUITests.xctest */ = {isa = PBXFileReference; explicitFileType = wrapper.cfbundle; includeInIndex = 0; path = "SceneKit-DemoUITests.xctest"; sourceTree = BUILT_PRODUCTS_DIR; };
		1ACE8D2A29FAB83C00A5C63B /* SceneKit_DemoUITests.swift */ = {isa = PBXFileReference; lastKnownFileType = sourcecode.swift; path = SceneKit_DemoUITests.swift; sourceTree = "<group>"; };
		1ACE8D2C29FAB83C00A5C63B /* SceneKit_DemoUITestsLaunchTests.swift */ = {isa = PBXFileReference; lastKnownFileType = sourcecode.swift; path = SceneKit_DemoUITestsLaunchTests.swift; sourceTree = "<group>"; };
		1ACE8D3E29FABAE500A5C63B /* MainViewController.swift */ = {isa = PBXFileReference; lastKnownFileType = sourcecode.swift; path = MainViewController.swift; sourceTree = "<group>"; };
/* End PBXFileReference section */

/* Begin PBXFrameworksBuildPhase section */
		1ACE8D0329FAB83B00A5C63B /* Frameworks */ = {
			isa = PBXFrameworksBuildPhase;
			buildActionMask = 2147483647;
			files = (
			);
			runOnlyForDeploymentPostprocessing = 0;
		};
		1ACE8D1929FAB83C00A5C63B /* Frameworks */ = {
			isa = PBXFrameworksBuildPhase;
			buildActionMask = 2147483647;
			files = (
			);
			runOnlyForDeploymentPostprocessing = 0;
		};
		1ACE8D2329FAB83C00A5C63B /* Frameworks */ = {
			isa = PBXFrameworksBuildPhase;
			buildActionMask = 2147483647;
			files = (
			);
			runOnlyForDeploymentPostprocessing = 0;
		};
/* End PBXFrameworksBuildPhase section */

/* Begin PBXGroup section */
		1A46861C29FE787200A50ADC /* Programmatically */ = {
			isa = PBXGroup;
			children = (
				1A46861F29FE7A5D00A50ADC /* ProgrammaticallyViewController.swift */,
			);
			path = Programmatically;
			sourceTree = "<group>";
		};
		1ACE8CFD29FAB83B00A5C63B = {
			isa = PBXGroup;
			children = (
				1ACE8D0829FAB83B00A5C63B /* SceneKit-Demo */,
				1ACE8D1F29FAB83C00A5C63B /* SceneKit-DemoTests */,
				1ACE8D2929FAB83C00A5C63B /* SceneKit-DemoUITests */,
				1ACE8D0729FAB83B00A5C63B /* Products */,
			);
			sourceTree = "<group>";
		};
		1ACE8D0729FAB83B00A5C63B /* Products */ = {
			isa = PBXGroup;
			children = (
				1ACE8D0629FAB83B00A5C63B /* SceneKit-Demo.app */,
				1ACE8D1C29FAB83C00A5C63B /* SceneKit-DemoTests.xctest */,
				1ACE8D2629FAB83C00A5C63B /* SceneKit-DemoUITests.xctest */,
			);
			name = Products;
			sourceTree = "<group>";
		};
		1ACE8D0829FAB83B00A5C63B /* SceneKit-Demo */ = {
			isa = PBXGroup;
			children = (
				1ACE8D3A29FAB9AC00A5C63B /* App */,
				1ACE8D3929FAB99A00A5C63B /* Resources */,
				1ACE8D3B29FAB9B900A5C63B /* Supporting files */,
				1ACE8D3C29FABAA300A5C63B /* Modules */,
			);
			path = "SceneKit-Demo";
			sourceTree = "<group>";
		};
		1ACE8D1F29FAB83C00A5C63B /* SceneKit-DemoTests */ = {
			isa = PBXGroup;
			children = (
				1ACE8D2029FAB83C00A5C63B /* SceneKit_DemoTests.swift */,
			);
			path = "SceneKit-DemoTests";
			sourceTree = "<group>";
		};
		1ACE8D2929FAB83C00A5C63B /* SceneKit-DemoUITests */ = {
			isa = PBXGroup;
			children = (
				1ACE8D2A29FAB83C00A5C63B /* SceneKit_DemoUITests.swift */,
				1ACE8D2C29FAB83C00A5C63B /* SceneKit_DemoUITestsLaunchTests.swift */,
			);
			path = "SceneKit-DemoUITests";
			sourceTree = "<group>";
		};
		1ACE8D3929FAB99A00A5C63B /* Resources */ = {
			isa = PBXGroup;
			children = (
				1ACE8D1229FAB83C00A5C63B /* Assets.xcassets */,
			);
			path = Resources;
			sourceTree = "<group>";
		};
		1ACE8D3A29FAB9AC00A5C63B /* App */ = {
			isa = PBXGroup;
			children = (
				1ACE8D0929FAB83B00A5C63B /* AppDelegate.swift */,
				1ACE8D0B29FAB83B00A5C63B /* SceneDelegate.swift */,
			);
			path = App;
			sourceTree = "<group>";
		};
		1ACE8D3B29FAB9B900A5C63B /* Supporting files */ = {
			isa = PBXGroup;
			children = (
				1ACE8D1729FAB83C00A5C63B /* Info.plist */,
				1ACE8D1429FAB83C00A5C63B /* LaunchScreen.storyboard */,
			);
			path = "Supporting files";
			sourceTree = "<group>";
		};
		1ACE8D3C29FABAA300A5C63B /* Modules */ = {
			isa = PBXGroup;
			children = (
				1ACE8D3D29FABAAD00A5C63B /* Main */,
				1A46861C29FE787200A50ADC /* Programmatically */,
			);
			path = Modules;
			sourceTree = "<group>";
		};
		1ACE8D3D29FABAAD00A5C63B /* Main */ = {
			isa = PBXGroup;
			children = (
				1ACE8D3E29FABAE500A5C63B /* MainViewController.swift */,
			);
			path = Main;
			sourceTree = "<group>";
		};
/* End PBXGroup section */

/* Begin PBXNativeTarget section */
		1ACE8D0529FAB83B00A5C63B /* SceneKit-Demo */ = {
			isa = PBXNativeTarget;
			buildConfigurationList = 1ACE8D3029FAB83C00A5C63B /* Build configuration list for PBXNativeTarget "SceneKit-Demo" */;
			buildPhases = (
				1ACE8D0229FAB83B00A5C63B /* Sources */,
				1ACE8D0329FAB83B00A5C63B /* Frameworks */,
				1ACE8D0429FAB83B00A5C63B /* Resources */,
			);
			buildRules = (
			);
			dependencies = (
			);
			name = "SceneKit-Demo";
			productName = "SceneKit-Demo";
			productReference = 1ACE8D0629FAB83B00A5C63B /* SceneKit-Demo.app */;
			productType = "com.apple.product-type.application";
		};
		1ACE8D1B29FAB83C00A5C63B /* SceneKit-DemoTests */ = {
			isa = PBXNativeTarget;
			buildConfigurationList = 1ACE8D3329FAB83C00A5C63B /* Build configuration list for PBXNativeTarget "SceneKit-DemoTests" */;
			buildPhases = (
				1ACE8D1829FAB83C00A5C63B /* Sources */,
				1ACE8D1929FAB83C00A5C63B /* Frameworks */,
				1ACE8D1A29FAB83C00A5C63B /* Resources */,
			);
			buildRules = (
			);
			dependencies = (
				1ACE8D1E29FAB83C00A5C63B /* PBXTargetDependency */,
			);
			name = "SceneKit-DemoTests";
			productName = "SceneKit-DemoTests";
			productReference = 1ACE8D1C29FAB83C00A5C63B /* SceneKit-DemoTests.xctest */;
			productType = "com.apple.product-type.bundle.unit-test";
		};
		1ACE8D2529FAB83C00A5C63B /* SceneKit-DemoUITests */ = {
			isa = PBXNativeTarget;
			buildConfigurationList = 1ACE8D3629FAB83C00A5C63B /* Build configuration list for PBXNativeTarget "SceneKit-DemoUITests" */;
			buildPhases = (
				1ACE8D2229FAB83C00A5C63B /* Sources */,
				1ACE8D2329FAB83C00A5C63B /* Frameworks */,
				1ACE8D2429FAB83C00A5C63B /* Resources */,
			);
			buildRules = (
			);
			dependencies = (
				1ACE8D2829FAB83C00A5C63B /* PBXTargetDependency */,
			);
			name = "SceneKit-DemoUITests";
			productName = "SceneKit-DemoUITests";
			productReference = 1ACE8D2629FAB83C00A5C63B /* SceneKit-DemoUITests.xctest */;
			productType = "com.apple.product-type.bundle.ui-testing";
		};
/* End PBXNativeTarget section */

/* Begin PBXProject section */
		1ACE8CFE29FAB83B00A5C63B /* Project object */ = {
			isa = PBXProject;
			attributes = {
				BuildIndependentTargetsInParallel = 1;
				LastSwiftUpdateCheck = 1430;
				LastUpgradeCheck = 1430;
				TargetAttributes = {
					1ACE8D0529FAB83B00A5C63B = {
						CreatedOnToolsVersion = 14.3;
					};
					1ACE8D1B29FAB83C00A5C63B = {
						CreatedOnToolsVersion = 14.3;
						TestTargetID = 1ACE8D0529FAB83B00A5C63B;
					};
					1ACE8D2529FAB83C00A5C63B = {
						CreatedOnToolsVersion = 14.3;
						TestTargetID = 1ACE8D0529FAB83B00A5C63B;
					};
				};
			};
			buildConfigurationList = 1ACE8D0129FAB83B00A5C63B /* Build configuration list for PBXProject "SceneKit-Demo" */;
			compatibilityVersion = "Xcode 14.0";
			developmentRegion = en;
			hasScannedForEncodings = 0;
			knownRegions = (
				en,
				Base,
			);
			mainGroup = 1ACE8CFD29FAB83B00A5C63B;
			productRefGroup = 1ACE8D0729FAB83B00A5C63B /* Products */;
			projectDirPath = "";
			projectRoot = "";
			targets = (
				1ACE8D0529FAB83B00A5C63B /* SceneKit-Demo */,
				1ACE8D1B29FAB83C00A5C63B /* SceneKit-DemoTests */,
				1ACE8D2529FAB83C00A5C63B /* SceneKit-DemoUITests */,
			);
		};
/* End PBXProject section */

/* Begin PBXResourcesBuildPhase section */
		1ACE8D0429FAB83B00A5C63B /* Resources */ = {
			isa = PBXResourcesBuildPhase;
			buildActionMask = 2147483647;
			files = (
				1ACE8D1629FAB83C00A5C63B /* LaunchScreen.storyboard in Resources */,
				1ACE8D1329FAB83C00A5C63B /* Assets.xcassets in Resources */,
			);
			runOnlyForDeploymentPostprocessing = 0;
		};
		1ACE8D1A29FAB83C00A5C63B /* Resources */ = {
			isa = PBXResourcesBuildPhase;
			buildActionMask = 2147483647;
			files = (
			);
			runOnlyForDeploymentPostprocessing = 0;
		};
		1ACE8D2429FAB83C00A5C63B /* Resources */ = {
			isa = PBXResourcesBuildPhase;
			buildActionMask = 2147483647;
			files = (
			);
			runOnlyForDeploymentPostprocessing = 0;
		};
/* End PBXResourcesBuildPhase section */

/* Begin PBXSourcesBuildPhase section */
		1ACE8D0229FAB83B00A5C63B /* Sources */ = {
			isa = PBXSourcesBuildPhase;
			buildActionMask = 2147483647;
			files = (
				1A46862029FE7A5D00A50ADC /* ProgrammaticallyViewController.swift in Sources */,
				1ACE8D3F29FABAE500A5C63B /* MainViewController.swift in Sources */,
				1ACE8D0A29FAB83B00A5C63B /* AppDelegate.swift in Sources */,
				1ACE8D0C29FAB83B00A5C63B /* SceneDelegate.swift in Sources */,
			);
			runOnlyForDeploymentPostprocessing = 0;
		};
		1ACE8D1829FAB83C00A5C63B /* Sources */ = {
			isa = PBXSourcesBuildPhase;
			buildActionMask = 2147483647;
			files = (
				1ACE8D2129FAB83C00A5C63B /* SceneKit_DemoTests.swift in Sources */,
			);
			runOnlyForDeploymentPostprocessing = 0;
		};
		1ACE8D2229FAB83C00A5C63B /* Sources */ = {
			isa = PBXSourcesBuildPhase;
			buildActionMask = 2147483647;
			files = (
				1ACE8D2B29FAB83C00A5C63B /* SceneKit_DemoUITests.swift in Sources */,
				1ACE8D2D29FAB83C00A5C63B /* SceneKit_DemoUITestsLaunchTests.swift in Sources */,
			);
			runOnlyForDeploymentPostprocessing = 0;
		};
/* End PBXSourcesBuildPhase section */

/* Begin PBXTargetDependency section */
		1ACE8D1E29FAB83C00A5C63B /* PBXTargetDependency */ = {
			isa = PBXTargetDependency;
			target = 1ACE8D0529FAB83B00A5C63B /* SceneKit-Demo */;
			targetProxy = 1ACE8D1D29FAB83C00A5C63B /* PBXContainerItemProxy */;
		};
		1ACE8D2829FAB83C00A5C63B /* PBXTargetDependency */ = {
			isa = PBXTargetDependency;
			target = 1ACE8D0529FAB83B00A5C63B /* SceneKit-Demo */;
			targetProxy = 1ACE8D2729FAB83C00A5C63B /* PBXContainerItemProxy */;
		};
/* End PBXTargetDependency section */

/* Begin PBXVariantGroup section */
		1ACE8D1429FAB83C00A5C63B /* LaunchScreen.storyboard */ = {
			isa = PBXVariantGroup;
			children = (
				1ACE8D1529FAB83C00A5C63B /* Base */,
			);
			name = LaunchScreen.storyboard;
			sourceTree = "<group>";
		};
/* End PBXVariantGroup section */

/* Begin XCBuildConfiguration section */
		1ACE8D2E29FAB83C00A5C63B /* Debug */ = {
			isa = XCBuildConfiguration;
			buildSettings = {
				ALWAYS_SEARCH_USER_PATHS = NO;
				CLANG_ANALYZER_NONNULL = YES;
				CLANG_ANALYZER_NUMBER_OBJECT_CONVERSION = YES_AGGRESSIVE;
				CLANG_CXX_LANGUAGE_STANDARD = "gnu++20";
				CLANG_ENABLE_MODULES = YES;
				CLANG_ENABLE_OBJC_ARC = YES;
				CLANG_ENABLE_OBJC_WEAK = YES;
				CLANG_WARN_BLOCK_CAPTURE_AUTORELEASING = YES;
				CLANG_WARN_BOOL_CONVERSION = YES;
				CLANG_WARN_COMMA = YES;
				CLANG_WARN_CONSTANT_CONVERSION = YES;
				CLANG_WARN_DEPRECATED_OBJC_IMPLEMENTATIONS = YES;
				CLANG_WARN_DIRECT_OBJC_ISA_USAGE = YES_ERROR;
				CLANG_WARN_DOCUMENTATION_COMMENTS = YES;
				CLANG_WARN_EMPTY_BODY = YES;
				CLANG_WARN_ENUM_CONVERSION = YES;
				CLANG_WARN_INFINITE_RECURSION = YES;
				CLANG_WARN_INT_CONVERSION = YES;
				CLANG_WARN_NON_LITERAL_NULL_CONVERSION = YES;
				CLANG_WARN_OBJC_IMPLICIT_RETAIN_SELF = YES;
				CLANG_WARN_OBJC_LITERAL_CONVERSION = YES;
				CLANG_WARN_OBJC_ROOT_CLASS = YES_ERROR;
				CLANG_WARN_QUOTED_INCLUDE_IN_FRAMEWORK_HEADER = YES;
				CLANG_WARN_RANGE_LOOP_ANALYSIS = YES;
				CLANG_WARN_STRICT_PROTOTYPES = YES;
				CLANG_WARN_SUSPICIOUS_MOVE = YES;
				CLANG_WARN_UNGUARDED_AVAILABILITY = YES_AGGRESSIVE;
				CLANG_WARN_UNREACHABLE_CODE = YES;
				CLANG_WARN__DUPLICATE_METHOD_MATCH = YES;
				COPY_PHASE_STRIP = NO;
				DEBUG_INFORMATION_FORMAT = dwarf;
				ENABLE_STRICT_OBJC_MSGSEND = YES;
				ENABLE_TESTABILITY = YES;
				GCC_C_LANGUAGE_STANDARD = gnu11;
				GCC_DYNAMIC_NO_PIC = NO;
				GCC_NO_COMMON_BLOCKS = YES;
				GCC_OPTIMIZATION_LEVEL = 0;
				GCC_PREPROCESSOR_DEFINITIONS = (
					"DEBUG=1",
					"$(inherited)",
				);
				GCC_WARN_64_TO_32_BIT_CONVERSION = YES;
				GCC_WARN_ABOUT_RETURN_TYPE = YES_ERROR;
				GCC_WARN_UNDECLARED_SELECTOR = YES;
				GCC_WARN_UNINITIALIZED_AUTOS = YES_AGGRESSIVE;
				GCC_WARN_UNUSED_FUNCTION = YES;
				GCC_WARN_UNUSED_VARIABLE = YES;
				IPHONEOS_DEPLOYMENT_TARGET = 16.4;
				MTL_ENABLE_DEBUG_INFO = INCLUDE_SOURCE;
				MTL_FAST_MATH = YES;
				ONLY_ACTIVE_ARCH = YES;
				SDKROOT = iphoneos;
				SWIFT_ACTIVE_COMPILATION_CONDITIONS = DEBUG;
				SWIFT_OPTIMIZATION_LEVEL = "-Onone";
			};
			name = Debug;
		};
		1ACE8D2F29FAB83C00A5C63B /* Release */ = {
			isa = XCBuildConfiguration;
			buildSettings = {
				ALWAYS_SEARCH_USER_PATHS = NO;
				CLANG_ANALYZER_NONNULL = YES;
				CLANG_ANALYZER_NUMBER_OBJECT_CONVERSION = YES_AGGRESSIVE;
				CLANG_CXX_LANGUAGE_STANDARD = "gnu++20";
				CLANG_ENABLE_MODULES = YES;
				CLANG_ENABLE_OBJC_ARC = YES;
				CLANG_ENABLE_OBJC_WEAK = YES;
				CLANG_WARN_BLOCK_CAPTURE_AUTORELEASING = YES;
				CLANG_WARN_BOOL_CONVERSION = YES;
				CLANG_WARN_COMMA = YES;
				CLANG_WARN_CONSTANT_CONVERSION = YES;
				CLANG_WARN_DEPRECATED_OBJC_IMPLEMENTATIONS = YES;
				CLANG_WARN_DIRECT_OBJC_ISA_USAGE = YES_ERROR;
				CLANG_WARN_DOCUMENTATION_COMMENTS = YES;
				CLANG_WARN_EMPTY_BODY = YES;
				CLANG_WARN_ENUM_CONVERSION = YES;
				CLANG_WARN_INFINITE_RECURSION = YES;
				CLANG_WARN_INT_CONVERSION = YES;
				CLANG_WARN_NON_LITERAL_NULL_CONVERSION = YES;
				CLANG_WARN_OBJC_IMPLICIT_RETAIN_SELF = YES;
				CLANG_WARN_OBJC_LITERAL_CONVERSION = YES;
				CLANG_WARN_OBJC_ROOT_CLASS = YES_ERROR;
				CLANG_WARN_QUOTED_INCLUDE_IN_FRAMEWORK_HEADER = YES;
				CLANG_WARN_RANGE_LOOP_ANALYSIS = YES;
				CLANG_WARN_STRICT_PROTOTYPES = YES;
				CLANG_WARN_SUSPICIOUS_MOVE = YES;
				CLANG_WARN_UNGUARDED_AVAILABILITY = YES_AGGRESSIVE;
				CLANG_WARN_UNREACHABLE_CODE = YES;
				CLANG_WARN__DUPLICATE_METHOD_MATCH = YES;
				COPY_PHASE_STRIP = NO;
				DEBUG_INFORMATION_FORMAT = "dwarf-with-dsym";
				ENABLE_NS_ASSERTIONS = NO;
				ENABLE_STRICT_OBJC_MSGSEND = YES;
				GCC_C_LANGUAGE_STANDARD = gnu11;
				GCC_NO_COMMON_BLOCKS = YES;
				GCC_WARN_64_TO_32_BIT_CONVERSION = YES;
				GCC_WARN_ABOUT_RETURN_TYPE = YES_ERROR;
				GCC_WARN_UNDECLARED_SELECTOR = YES;
				GCC_WARN_UNINITIALIZED_AUTOS = YES_AGGRESSIVE;
				GCC_WARN_UNUSED_FUNCTION = YES;
				GCC_WARN_UNUSED_VARIABLE = YES;
				IPHONEOS_DEPLOYMENT_TARGET = 16.4;
				MTL_ENABLE_DEBUG_INFO = NO;
				MTL_FAST_MATH = YES;
				SDKROOT = iphoneos;
				SWIFT_COMPILATION_MODE = wholemodule;
				SWIFT_OPTIMIZATION_LEVEL = "-O";
				VALIDATE_PRODUCT = YES;
			};
			name = Release;
		};
		1ACE8D3129FAB83C00A5C63B /* Debug */ = {
			isa = XCBuildConfiguration;
			buildSettings = {
				ASSETCATALOG_COMPILER_APPICON_NAME = AppIcon;
				ASSETCATALOG_COMPILER_GLOBAL_ACCENT_COLOR_NAME = AccentColor;
				CODE_SIGN_STYLE = Automatic;
				CURRENT_PROJECT_VERSION = 1;
				DEVELOPMENT_TEAM = V9WUS7ZBGW;
				GENERATE_INFOPLIST_FILE = YES;
				INFOPLIST_FILE = "SceneKit-Demo/Supporting files/Info.plist";
				INFOPLIST_KEY_UIApplicationSupportsIndirectInputEvents = YES;
				INFOPLIST_KEY_UILaunchStoryboardName = LaunchScreen;
				INFOPLIST_KEY_UIMainStoryboardFile = "";
				INFOPLIST_KEY_UISupportedInterfaceOrientations_iPad = "UIInterfaceOrientationPortrait UIInterfaceOrientationPortraitUpsideDown UIInterfaceOrientationLandscapeLeft UIInterfaceOrientationLandscapeRight";
				INFOPLIST_KEY_UISupportedInterfaceOrientations_iPhone = "UIInterfaceOrientationPortrait UIInterfaceOrientationLandscapeLeft UIInterfaceOrientationLandscapeRight";
				LD_RUNPATH_SEARCH_PATHS = (
					"$(inherited)",
					"@executable_path/Frameworks",
				);
				MARKETING_VERSION = 1.0;
				PRODUCT_BUNDLE_IDENTIFIER = "eus.aitorzubizarreta.SceneKit-Demo";
				PRODUCT_NAME = "$(TARGET_NAME)";
				SWIFT_EMIT_LOC_STRINGS = YES;
				SWIFT_VERSION = 5.0;
				TARGETED_DEVICE_FAMILY = "1,2";
			};
			name = Debug;
		};
		1ACE8D3229FAB83C00A5C63B /* Release */ = {
			isa = XCBuildConfiguration;
			buildSettings = {
				ASSETCATALOG_COMPILER_APPICON_NAME = AppIcon;
				ASSETCATALOG_COMPILER_GLOBAL_ACCENT_COLOR_NAME = AccentColor;
				CODE_SIGN_STYLE = Automatic;
				CURRENT_PROJECT_VERSION = 1;
				DEVELOPMENT_TEAM = V9WUS7ZBGW;
				GENERATE_INFOPLIST_FILE = YES;
				INFOPLIST_FILE = "SceneKit-Demo/Supporting files/Info.plist";
				INFOPLIST_KEY_UIApplicationSupportsIndirectInputEvents = YES;
				INFOPLIST_KEY_UILaunchStoryboardName = LaunchScreen;
				INFOPLIST_KEY_UIMainStoryboardFile = "";
				INFOPLIST_KEY_UISupportedInterfaceOrientations_iPad = "UIInterfaceOrientationPortrait UIInterfaceOrientationPortraitUpsideDown UIInterfaceOrientationLandscapeLeft UIInterfaceOrientationLandscapeRight";
				INFOPLIST_KEY_UISupportedInterfaceOrientations_iPhone = "UIInterfaceOrientationPortrait UIInterfaceOrientationLandscapeLeft UIInterfaceOrientationLandscapeRight";
				LD_RUNPATH_SEARCH_PATHS = (
					"$(inherited)",
					"@executable_path/Frameworks",
				);
				MARKETING_VERSION = 1.0;
				PRODUCT_BUNDLE_IDENTIFIER = "eus.aitorzubizarreta.SceneKit-Demo";
				PRODUCT_NAME = "$(TARGET_NAME)";
				SWIFT_EMIT_LOC_STRINGS = YES;
				SWIFT_VERSION = 5.0;
				TARGETED_DEVICE_FAMILY = "1,2";
			};
			name = Release;
		};
		1ACE8D3429FAB83C00A5C63B /* Debug */ = {
			isa = XCBuildConfiguration;
			buildSettings = {
				ALWAYS_EMBED_SWIFT_STANDARD_LIBRARIES = YES;
				BUNDLE_LOADER = "$(TEST_HOST)";
				CODE_SIGN_STYLE = Automatic;
				CURRENT_PROJECT_VERSION = 1;
				DEVELOPMENT_TEAM = V9WUS7ZBGW;
				GENERATE_INFOPLIST_FILE = YES;
				IPHONEOS_DEPLOYMENT_TARGET = 16.4;
				MARKETING_VERSION = 1.0;
				PRODUCT_BUNDLE_IDENTIFIER = "eus.aitorzubizarreta.SceneKit-DemoTests";
				PRODUCT_NAME = "$(TARGET_NAME)";
				SWIFT_EMIT_LOC_STRINGS = NO;
				SWIFT_VERSION = 5.0;
				TARGETED_DEVICE_FAMILY = "1,2";
				TEST_HOST = "$(BUILT_PRODUCTS_DIR)/SceneKit-Demo.app/$(BUNDLE_EXECUTABLE_FOLDER_PATH)/SceneKit-Demo";
			};
			name = Debug;
		};
		1ACE8D3529FAB83C00A5C63B /* Release */ = {
			isa = XCBuildConfiguration;
			buildSettings = {
				ALWAYS_EMBED_SWIFT_STANDARD_LIBRARIES = YES;
				BUNDLE_LOADER = "$(TEST_HOST)";
				CODE_SIGN_STYLE = Automatic;
				CURRENT_PROJECT_VERSION = 1;
				DEVELOPMENT_TEAM = V9WUS7ZBGW;
				GENERATE_INFOPLIST_FILE = YES;
				IPHONEOS_DEPLOYMENT_TARGET = 16.4;
				MARKETING_VERSION = 1.0;
				PRODUCT_BUNDLE_IDENTIFIER = "eus.aitorzubizarreta.SceneKit-DemoTests";
				PRODUCT_NAME = "$(TARGET_NAME)";
				SWIFT_EMIT_LOC_STRINGS = NO;
				SWIFT_VERSION = 5.0;
				TARGETED_DEVICE_FAMILY = "1,2";
				TEST_HOST = "$(BUILT_PRODUCTS_DIR)/SceneKit-Demo.app/$(BUNDLE_EXECUTABLE_FOLDER_PATH)/SceneKit-Demo";
			};
			name = Release;
		};
		1ACE8D3729FAB83C00A5C63B /* Debug */ = {
			isa = XCBuildConfiguration;
			buildSettings = {
				ALWAYS_EMBED_SWIFT_STANDARD_LIBRARIES = YES;
				CODE_SIGN_STYLE = Automatic;
				CURRENT_PROJECT_VERSION = 1;
				DEVELOPMENT_TEAM = V9WUS7ZBGW;
				GENERATE_INFOPLIST_FILE = YES;
				MARKETING_VERSION = 1.0;
				PRODUCT_BUNDLE_IDENTIFIER = "eus.aitorzubizarreta.SceneKit-DemoUITests";
				PRODUCT_NAME = "$(TARGET_NAME)";
				SWIFT_EMIT_LOC_STRINGS = NO;
				SWIFT_VERSION = 5.0;
				TARGETED_DEVICE_FAMILY = "1,2";
				TEST_TARGET_NAME = "SceneKit-Demo";
			};
			name = Debug;
		};
		1ACE8D3829FAB83C00A5C63B /* Release */ = {
			isa = XCBuildConfiguration;
			buildSettings = {
				ALWAYS_EMBED_SWIFT_STANDARD_LIBRARIES = YES;
				CODE_SIGN_STYLE = Automatic;
				CURRENT_PROJECT_VERSION = 1;
				DEVELOPMENT_TEAM = V9WUS7ZBGW;
				GENERATE_INFOPLIST_FILE = YES;
				MARKETING_VERSION = 1.0;
				PRODUCT_BUNDLE_IDENTIFIER = "eus.aitorzubizarreta.SceneKit-DemoUITests";
				PRODUCT_NAME = "$(TARGET_NAME)";
				SWIFT_EMIT_LOC_STRINGS = NO;
				SWIFT_VERSION = 5.0;
				TARGETED_DEVICE_FAMILY = "1,2";
				TEST_TARGET_NAME = "SceneKit-Demo";
			};
			name = Release;
		};
/* End XCBuildConfiguration section */

/* Begin XCConfigurationList section */
		1ACE8D0129FAB83B00A5C63B /* Build configuration list for PBXProject "SceneKit-Demo" */ = {
			isa = XCConfigurationList;
			buildConfigurations = (
				1ACE8D2E29FAB83C00A5C63B /* Debug */,
				1ACE8D2F29FAB83C00A5C63B /* Release */,
			);
			defaultConfigurationIsVisible = 0;
			defaultConfigurationName = Release;
		};
		1ACE8D3029FAB83C00A5C63B /* Build configuration list for PBXNativeTarget "SceneKit-Demo" */ = {
			isa = XCConfigurationList;
			buildConfigurations = (
				1ACE8D3129FAB83C00A5C63B /* Debug */,
				1ACE8D3229FAB83C00A5C63B /* Release */,
			);
			defaultConfigurationIsVisible = 0;
			defaultConfigurationName = Release;
		};
		1ACE8D3329FAB83C00A5C63B /* Build configuration list for PBXNativeTarget "SceneKit-DemoTests" */ = {
			isa = XCConfigurationList;
			buildConfigurations = (
				1ACE8D3429FAB83C00A5C63B /* Debug */,
				1ACE8D3529FAB83C00A5C63B /* Release */,
			);
			defaultConfigurationIsVisible = 0;
			defaultConfigurationName = Release;
		};
		1ACE8D3629FAB83C00A5C63B /* Build configuration list for PBXNativeTarget "SceneKit-DemoUITests" */ = {
			isa = XCConfigurationList;
			buildConfigurations = (
				1ACE8D3729FAB83C00A5C63B /* Debug */,
				1ACE8D3829FAB83C00A5C63B /* Release */,
			);
			defaultConfigurationIsVisible = 0;
			defaultConfigurationName = Release;
		};
/* End XCConfigurationList section */
	};
	rootObject = 1ACE8CFE29FAB83B00A5C63B /* Project object */;
}
